// !$*UTF8*$!
{
	archiveVersion = 1;
	classes = {
	};
	objectVersion = 46;
	objects = {

/* Begin PBXBuildFile section */
		4865AB161BBF4B1F0058DC03 /* Word.swift in Sources */ = {isa = PBXBuildFile; fileRef = 4865AB151BBF4B1F0058DC03 /* Word.swift */; settings = {ASSET_TAGS = (); }; };
		4865AB181BBF4EA60058DC03 /* Result.swift in Sources */ = {isa = PBXBuildFile; fileRef = 4865AB171BBF4EA60058DC03 /* Result.swift */; settings = {ASSET_TAGS = (); }; };
		4865AB1A1BBF4FE90058DC03 /* JSONHelper.swift in Sources */ = {isa = PBXBuildFile; fileRef = 4865AB191BBF4FE90058DC03 /* JSONHelper.swift */; settings = {ASSET_TAGS = (); }; };
		48E86B921BCEC1BB00CB3633 /* Alphabet.png in Resources */ = {isa = PBXBuildFile; fileRef = 48E86B861BCEC1BB00CB3633 /* Alphabet.png */; settings = {ASSET_TAGS = (); }; };
		48E86B931BCEC1BB00CB3633 /* droidL0.jpg in Resources */ = {isa = PBXBuildFile; fileRef = 48E86B871BCEC1BB00CB3633 /* droidL0.jpg */; settings = {ASSET_TAGS = (); }; };
		48E86B941BCEC1BB00CB3633 /* droidL1.jpg in Resources */ = {isa = PBXBuildFile; fileRef = 48E86B881BCEC1BB00CB3633 /* droidL1.jpg */; settings = {ASSET_TAGS = (); }; };
		48E86B951BCEC1BB00CB3633 /* droidL2.jpg in Resources */ = {isa = PBXBuildFile; fileRef = 48E86B891BCEC1BB00CB3633 /* droidL2.jpg */; settings = {ASSET_TAGS = (); }; };
		48E86B961BCEC1BB00CB3633 /* droidL3.jpg in Resources */ = {isa = PBXBuildFile; fileRef = 48E86B8A1BCEC1BB00CB3633 /* droidL3.jpg */; settings = {ASSET_TAGS = (); }; };
		48E86B971BCEC1BB00CB3633 /* droidL4.jpg in Resources */ = {isa = PBXBuildFile; fileRef = 48E86B8B1BCEC1BB00CB3633 /* droidL4.jpg */; settings = {ASSET_TAGS = (); }; };
		48E86B981BCEC1BB00CB3633 /* droidL5.jpg in Resources */ = {isa = PBXBuildFile; fileRef = 48E86B8C1BCEC1BB00CB3633 /* droidL5.jpg */; settings = {ASSET_TAGS = (); }; };
		48E86B991BCEC1BB00CB3633 /* droidL6.jpg in Resources */ = {isa = PBXBuildFile; fileRef = 48E86B8D1BCEC1BB00CB3633 /* droidL6.jpg */; settings = {ASSET_TAGS = (); }; };
		48E86B9A1BCEC1BB00CB3633 /* droidL7.jpg in Resources */ = {isa = PBXBuildFile; fileRef = 48E86B8E1BCEC1BB00CB3633 /* droidL7.jpg */; settings = {ASSET_TAGS = (); }; };
		48E86B9B1BCEC1BB00CB3633 /* droidL8.jpg in Resources */ = {isa = PBXBuildFile; fileRef = 48E86B8F1BCEC1BB00CB3633 /* droidL8.jpg */; settings = {ASSET_TAGS = (); }; };
		48E86B9C1BCEC1BB00CB3633 /* droidLBlank.jpg in Resources */ = {isa = PBXBuildFile; fileRef = 48E86B901BCEC1BB00CB3633 /* droidLBlank.jpg */; settings = {ASSET_TAGS = (); }; };
		48E86B9D1BCEC1BB00CB3633 /* wildwest.jpg in Resources */ = {isa = PBXBuildFile; fileRef = 48E86B911BCEC1BB00CB3633 /* wildwest.jpg */; settings = {ASSET_TAGS = (); }; };
		48E86BBA1BCEC1DA00CB3633 /* a.png in Resources */ = {isa = PBXBuildFile; fileRef = 48E86B9F1BCEC1DA00CB3633 /* a.png */; settings = {ASSET_TAGS = (); }; };
		48E86BBB1BCEC1DA00CB3633 /* b.png in Resources */ = {isa = PBXBuildFile; fileRef = 48E86BA01BCEC1DA00CB3633 /* b.png */; settings = {ASSET_TAGS = (); }; };
		48E86BBC1BCEC1DA00CB3633 /* blank.png in Resources */ = {isa = PBXBuildFile; fileRef = 48E86BA11BCEC1DA00CB3633 /* blank.png */; settings = {ASSET_TAGS = (); }; };
		48E86BBD1BCEC1DA00CB3633 /* c.png in Resources */ = {isa = PBXBuildFile; fileRef = 48E86BA21BCEC1DA00CB3633 /* c.png */; settings = {ASSET_TAGS = (); }; };
		48E86BBE1BCEC1DA00CB3633 /* d.png in Resources */ = {isa = PBXBuildFile; fileRef = 48E86BA31BCEC1DA00CB3633 /* d.png */; settings = {ASSET_TAGS = (); }; };
		48E86BBF1BCEC1DA00CB3633 /* e.png in Resources */ = {isa = PBXBuildFile; fileRef = 48E86BA41BCEC1DA00CB3633 /* e.png */; settings = {ASSET_TAGS = (); }; };
		48E86BC01BCEC1DA00CB3633 /* f.png in Resources */ = {isa = PBXBuildFile; fileRef = 48E86BA51BCEC1DA00CB3633 /* f.png */; settings = {ASSET_TAGS = (); }; };
		48E86BC11BCEC1DA00CB3633 /* g.png in Resources */ = {isa = PBXBuildFile; fileRef = 48E86BA61BCEC1DA00CB3633 /* g.png */; settings = {ASSET_TAGS = (); }; };
		48E86BC21BCEC1DA00CB3633 /* h.png in Resources */ = {isa = PBXBuildFile; fileRef = 48E86BA71BCEC1DA00CB3633 /* h.png */; settings = {ASSET_TAGS = (); }; };
		48E86BC31BCEC1DA00CB3633 /* i.png in Resources */ = {isa = PBXBuildFile; fileRef = 48E86BA81BCEC1DA00CB3633 /* i.png */; settings = {ASSET_TAGS = (); }; };
		48E86BC41BCEC1DA00CB3633 /* j.png in Resources */ = {isa = PBXBuildFile; fileRef = 48E86BA91BCEC1DA00CB3633 /* j.png */; settings = {ASSET_TAGS = (); }; };
		48E86BC51BCEC1DA00CB3633 /* k.png in Resources */ = {isa = PBXBuildFile; fileRef = 48E86BAA1BCEC1DA00CB3633 /* k.png */; settings = {ASSET_TAGS = (); }; };
		48E86BC61BCEC1DA00CB3633 /* l.png in Resources */ = {isa = PBXBuildFile; fileRef = 48E86BAB1BCEC1DA00CB3633 /* l.png */; settings = {ASSET_TAGS = (); }; };
		48E86BC71BCEC1DA00CB3633 /* m.png in Resources */ = {isa = PBXBuildFile; fileRef = 48E86BAC1BCEC1DA00CB3633 /* m.png */; settings = {ASSET_TAGS = (); }; };
		48E86BC81BCEC1DA00CB3633 /* n.png in Resources */ = {isa = PBXBuildFile; fileRef = 48E86BAD1BCEC1DA00CB3633 /* n.png */; settings = {ASSET_TAGS = (); }; };
		48E86BC91BCEC1DA00CB3633 /* o.png in Resources */ = {isa = PBXBuildFile; fileRef = 48E86BAE1BCEC1DA00CB3633 /* o.png */; settings = {ASSET_TAGS = (); }; };
		48E86BCA1BCEC1DA00CB3633 /* p.png in Resources */ = {isa = PBXBuildFile; fileRef = 48E86BAF1BCEC1DA00CB3633 /* p.png */; settings = {ASSET_TAGS = (); }; };
		48E86BCB1BCEC1DA00CB3633 /* q.png in Resources */ = {isa = PBXBuildFile; fileRef = 48E86BB01BCEC1DA00CB3633 /* q.png */; settings = {ASSET_TAGS = (); }; };
		48E86BCC1BCEC1DA00CB3633 /* r.png in Resources */ = {isa = PBXBuildFile; fileRef = 48E86BB11BCEC1DA00CB3633 /* r.png */; settings = {ASSET_TAGS = (); }; };
		48E86BCD1BCEC1DA00CB3633 /* s.png in Resources */ = {isa = PBXBuildFile; fileRef = 48E86BB21BCEC1DA00CB3633 /* s.png */; settings = {ASSET_TAGS = (); }; };
		48E86BCE1BCEC1DA00CB3633 /* t.png in Resources */ = {isa = PBXBuildFile; fileRef = 48E86BB31BCEC1DA00CB3633 /* t.png */; settings = {ASSET_TAGS = (); }; };
		48E86BCF1BCEC1DA00CB3633 /* u.png in Resources */ = {isa = PBXBuildFile; fileRef = 48E86BB41BCEC1DA00CB3633 /* u.png */; settings = {ASSET_TAGS = (); }; };
		48E86BD01BCEC1DA00CB3633 /* v.png in Resources */ = {isa = PBXBuildFile; fileRef = 48E86BB51BCEC1DA00CB3633 /* v.png */; settings = {ASSET_TAGS = (); }; };
		48E86BD11BCEC1DA00CB3633 /* w.png in Resources */ = {isa = PBXBuildFile; fileRef = 48E86BB61BCEC1DA00CB3633 /* w.png */; settings = {ASSET_TAGS = (); }; };
		48E86BD21BCEC1DA00CB3633 /* x.png in Resources */ = {isa = PBXBuildFile; fileRef = 48E86BB71BCEC1DA00CB3633 /* x.png */; settings = {ASSET_TAGS = (); }; };
		48E86BD31BCEC1DA00CB3633 /* y.png in Resources */ = {isa = PBXBuildFile; fileRef = 48E86BB81BCEC1DA00CB3633 /* y.png */; settings = {ASSET_TAGS = (); }; };
		48E86BD41BCEC1DA00CB3633 /* z.png in Resources */ = {isa = PBXBuildFile; fileRef = 48E86BB91BCEC1DA00CB3633 /* z.png */; settings = {ASSET_TAGS = (); }; };
		48E86BD61BCEC5CA00CB3633 /* DataManager.swift in Sources */ = {isa = PBXBuildFile; fileRef = 48E86BD51BCEC5CA00CB3633 /* DataManager.swift */; settings = {ASSET_TAGS = (); }; };
		48E86BD81BCEC9B500CB3633 /* AppModel.swift in Sources */ = {isa = PBXBuildFile; fileRef = 48E86BD71BCEC9B500CB3633 /* AppModel.swift */; settings = {ASSET_TAGS = (); }; };
		48F519521BBA531A00DD8B3D /* AppDelegate.swift in Sources */ = {isa = PBXBuildFile; fileRef = 48F519511BBA531A00DD8B3D /* AppDelegate.swift */; };
		48F519541BBA531A00DD8B3D /* ViewController.swift in Sources */ = {isa = PBXBuildFile; fileRef = 48F519531BBA531A00DD8B3D /* ViewController.swift */; };
		48F519571BBA531A00DD8B3D /* Main.storyboard in Resources */ = {isa = PBXBuildFile; fileRef = 48F519551BBA531A00DD8B3D /* Main.storyboard */; };
		48F519591BBA531A00DD8B3D /* Assets.xcassets in Resources */ = {isa = PBXBuildFile; fileRef = 48F519581BBA531A00DD8B3D /* Assets.xcassets */; };
		48F5195C1BBA531A00DD8B3D /* LaunchScreen.storyboard in Resources */ = {isa = PBXBuildFile; fileRef = 48F5195A1BBA531A00DD8B3D /* LaunchScreen.storyboard */; };
		48F519671BBA531A00DD8B3D /* HangDroidMobileTests.swift in Sources */ = {isa = PBXBuildFile; fileRef = 48F519661BBA531A00DD8B3D /* HangDroidMobileTests.swift */; };
		48F519721BBA531A00DD8B3D /* HangDroidMobileUITests.swift in Sources */ = {isa = PBXBuildFile; fileRef = 48F519711BBA531A00DD8B3D /* HangDroidMobileUITests.swift */; };
/* End PBXBuildFile section */

/* Begin PBXContainerItemProxy section */
		48F519631BBA531A00DD8B3D /* PBXContainerItemProxy */ = {
			isa = PBXContainerItemProxy;
			containerPortal = 48F519461BBA531A00DD8B3D /* Project object */;
			proxyType = 1;
			remoteGlobalIDString = 48F5194D1BBA531A00DD8B3D;
			remoteInfo = HangDroidMobile;
		};
		48F5196E1BBA531A00DD8B3D /* PBXContainerItemProxy */ = {
			isa = PBXContainerItemProxy;
			containerPortal = 48F519461BBA531A00DD8B3D /* Project object */;
			proxyType = 1;
			remoteGlobalIDString = 48F5194D1BBA531A00DD8B3D;
			remoteInfo = HangDroidMobile;
		};
/* End PBXContainerItemProxy section */

/* Begin PBXFileReference section */
		4865AB151BBF4B1F0058DC03 /* Word.swift */ = {isa = PBXFileReference; fileEncoding = 4; lastKnownFileType = sourcecode.swift; path = Word.swift; sourceTree = "<group>"; };
		4865AB171BBF4EA60058DC03 /* Result.swift */ = {isa = PBXFileReference; fileEncoding = 4; lastKnownFileType = sourcecode.swift; path = Result.swift; sourceTree = "<group>"; };
		4865AB191BBF4FE90058DC03 /* JSONHelper.swift */ = {isa = PBXFileReference; fileEncoding = 4; lastKnownFileType = sourcecode.swift; path = JSONHelper.swift; sourceTree = "<group>"; };
		48E86B861BCEC1BB00CB3633 /* Alphabet.png */ = {isa = PBXFileReference; lastKnownFileType = image.png; path = Alphabet.png; sourceTree = "<group>"; };
		48E86B871BCEC1BB00CB3633 /* droidL0.jpg */ = {isa = PBXFileReference; lastKnownFileType = image.jpeg; path = droidL0.jpg; sourceTree = "<group>"; };
		48E86B881BCEC1BB00CB3633 /* droidL1.jpg */ = {isa = PBXFileReference; lastKnownFileType = image.jpeg; path = droidL1.jpg; sourceTree = "<group>"; };
		48E86B891BCEC1BB00CB3633 /* droidL2.jpg */ = {isa = PBXFileReference; lastKnownFileType = image.jpeg; path = droidL2.jpg; sourceTree = "<group>"; };
		48E86B8A1BCEC1BB00CB3633 /* droidL3.jpg */ = {isa = PBXFileReference; lastKnownFileType = image.jpeg; path = droidL3.jpg; sourceTree = "<group>"; };
		48E86B8B1BCEC1BB00CB3633 /* droidL4.jpg */ = {isa = PBXFileReference; lastKnownFileType = image.jpeg; path = droidL4.jpg; sourceTree = "<group>"; };
		48E86B8C1BCEC1BB00CB3633 /* droidL5.jpg */ = {isa = PBXFileReference; lastKnownFileType = image.jpeg; path = droidL5.jpg; sourceTree = "<group>"; };
		48E86B8D1BCEC1BB00CB3633 /* droidL6.jpg */ = {isa = PBXFileReference; lastKnownFileType = image.jpeg; path = droidL6.jpg; sourceTree = "<group>"; };
		48E86B8E1BCEC1BB00CB3633 /* droidL7.jpg */ = {isa = PBXFileReference; lastKnownFileType = image.jpeg; path = droidL7.jpg; sourceTree = "<group>"; };
		48E86B8F1BCEC1BB00CB3633 /* droidL8.jpg */ = {isa = PBXFileReference; lastKnownFileType = image.jpeg; path = droidL8.jpg; sourceTree = "<group>"; };
		48E86B901BCEC1BB00CB3633 /* droidLBlank.jpg */ = {isa = PBXFileReference; lastKnownFileType = image.jpeg; path = droidLBlank.jpg; sourceTree = "<group>"; };
		48E86B911BCEC1BB00CB3633 /* wildwest.jpg */ = {isa = PBXFileReference; lastKnownFileType = image.jpeg; path = wildwest.jpg; sourceTree = "<group>"; };
		48E86B9F1BCEC1DA00CB3633 /* a.png */ = {isa = PBXFileReference; lastKnownFileType = image.png; path = a.png; sourceTree = "<group>"; };
		48E86BA01BCEC1DA00CB3633 /* b.png */ = {isa = PBXFileReference; lastKnownFileType = image.png; path = b.png; sourceTree = "<group>"; };
		48E86BA11BCEC1DA00CB3633 /* blank.png */ = {isa = PBXFileReference; lastKnownFileType = image.png; path = blank.png; sourceTree = "<group>"; };
		48E86BA21BCEC1DA00CB3633 /* c.png */ = {isa = PBXFileReference; lastKnownFileType = image.png; path = c.png; sourceTree = "<group>"; };
		48E86BA31BCEC1DA00CB3633 /* d.png */ = {isa = PBXFileReference; lastKnownFileType = image.png; path = d.png; sourceTree = "<group>"; };
		48E86BA41BCEC1DA00CB3633 /* e.png */ = {isa = PBXFileReference; lastKnownFileType = image.png; path = e.png; sourceTree = "<group>"; };
		48E86BA51BCEC1DA00CB3633 /* f.png */ = {isa = PBXFileReference; lastKnownFileType = image.png; path = f.png; sourceTree = "<group>"; };
		48E86BA61BCEC1DA00CB3633 /* g.png */ = {isa = PBXFileReference; lastKnownFileType = image.png; path = g.png; sourceTree = "<group>"; };
		48E86BA71BCEC1DA00CB3633 /* h.png */ = {isa = PBXFileReference; lastKnownFileType = image.png; path = h.png; sourceTree = "<group>"; };
		48E86BA81BCEC1DA00CB3633 /* i.png */ = {isa = PBXFileReference; lastKnownFileType = image.png; path = i.png; sourceTree = "<group>"; };
		48E86BA91BCEC1DA00CB3633 /* j.png */ = {isa = PBXFileReference; lastKnownFileType = image.png; path = j.png; sourceTree = "<group>"; };
		48E86BAA1BCEC1DA00CB3633 /* k.png */ = {isa = PBXFileReference; lastKnownFileType = image.png; path = k.png; sourceTree = "<group>"; };
		48E86BAB1BCEC1DA00CB3633 /* l.png */ = {isa = PBXFileReference; lastKnownFileType = image.png; path = l.png; sourceTree = "<group>"; };
		48E86BAC1BCEC1DA00CB3633 /* m.png */ = {isa = PBXFileReference; lastKnownFileType = image.png; path = m.png; sourceTree = "<group>"; };
		48E86BAD1BCEC1DA00CB3633 /* n.png */ = {isa = PBXFileReference; lastKnownFileType = image.png; path = n.png; sourceTree = "<group>"; };
		48E86BAE1BCEC1DA00CB3633 /* o.png */ = {isa = PBXFileReference; lastKnownFileType = image.png; path = o.png; sourceTree = "<group>"; };
		48E86BAF1BCEC1DA00CB3633 /* p.png */ = {isa = PBXFileReference; lastKnownFileType = image.png; path = p.png; sourceTree = "<group>"; };
		48E86BB01BCEC1DA00CB3633 /* q.png */ = {isa = PBXFileReference; lastKnownFileType = image.png; path = q.png; sourceTree = "<group>"; };
		48E86BB11BCEC1DA00CB3633 /* r.png */ = {isa = PBXFileReference; lastKnownFileType = image.png; path = r.png; sourceTree = "<group>"; };
		48E86BB21BCEC1DA00CB3633 /* s.png */ = {isa = PBXFileReference; lastKnownFileType = image.png; path = s.png; sourceTree = "<group>"; };
		48E86BB31BCEC1DA00CB3633 /* t.png */ = {isa = PBXFileReference; lastKnownFileType = image.png; path = t.png; sourceTree = "<group>"; };
		48E86BB41BCEC1DA00CB3633 /* u.png */ = {isa = PBXFileReference; lastKnownFileType = image.png; path = u.png; sourceTree = "<group>"; };
		48E86BB51BCEC1DA00CB3633 /* v.png */ = {isa = PBXFileReference; lastKnownFileType = image.png; path = v.png; sourceTree = "<group>"; };
		48E86BB61BCEC1DA00CB3633 /* w.png */ = {isa = PBXFileReference; lastKnownFileType = image.png; path = w.png; sourceTree = "<group>"; };
		48E86BB71BCEC1DA00CB3633 /* x.png */ = {isa = PBXFileReference; lastKnownFileType = image.png; path = x.png; sourceTree = "<group>"; };
		48E86BB81BCEC1DA00CB3633 /* y.png */ = {isa = PBXFileReference; lastKnownFileType = image.png; path = y.png; sourceTree = "<group>"; };
		48E86BB91BCEC1DA00CB3633 /* z.png */ = {isa = PBXFileReference; lastKnownFileType = image.png; path = z.png; sourceTree = "<group>"; };
		48E86BD51BCEC5CA00CB3633 /* DataManager.swift */ = {isa = PBXFileReference; fileEncoding = 4; lastKnownFileType = sourcecode.swift; name = DataManager.swift; path = ../DataManager.swift; sourceTree = "<group>"; };
		48E86BD71BCEC9B500CB3633 /* AppModel.swift */ = {isa = PBXFileReference; fileEncoding = 4; lastKnownFileType = sourcecode.swift; path = AppModel.swift; sourceTree = "<group>"; };
		48F5194E1BBA531A00DD8B3D /* HangDroidMobile.app */ = {isa = PBXFileReference; explicitFileType = wrapper.application; includeInIndex = 0; path = HangDroidMobile.app; sourceTree = BUILT_PRODUCTS_DIR; };
		48F519511BBA531A00DD8B3D /* AppDelegate.swift */ = {isa = PBXFileReference; lastKnownFileType = sourcecode.swift; path = AppDelegate.swift; sourceTree = "<group>"; };
		48F519531BBA531A00DD8B3D /* ViewController.swift */ = {isa = PBXFileReference; lastKnownFileType = sourcecode.swift; path = ViewController.swift; sourceTree = "<group>"; };
		48F519561BBA531A00DD8B3D /* Base */ = {isa = PBXFileReference; lastKnownFileType = file.storyboard; name = Base; path = Base.lproj/Main.storyboard; sourceTree = "<group>"; };
		48F519581BBA531A00DD8B3D /* Assets.xcassets */ = {isa = PBXFileReference; lastKnownFileType = folder.assetcatalog; path = Assets.xcassets; sourceTree = "<group>"; };
		48F5195B1BBA531A00DD8B3D /* Base */ = {isa = PBXFileReference; lastKnownFileType = file.storyboard; name = Base; path = Base.lproj/LaunchScreen.storyboard; sourceTree = "<group>"; };
		48F5195D1BBA531A00DD8B3D /* Info.plist */ = {isa = PBXFileReference; lastKnownFileType = text.plist.xml; path = Info.plist; sourceTree = "<group>"; };
		48F519621BBA531A00DD8B3D /* HangDroidMobileTests.xctest */ = {isa = PBXFileReference; explicitFileType = wrapper.cfbundle; includeInIndex = 0; path = HangDroidMobileTests.xctest; sourceTree = BUILT_PRODUCTS_DIR; };
		48F519661BBA531A00DD8B3D /* HangDroidMobileTests.swift */ = {isa = PBXFileReference; lastKnownFileType = sourcecode.swift; path = HangDroidMobileTests.swift; sourceTree = "<group>"; };
		48F519681BBA531A00DD8B3D /* Info.plist */ = {isa = PBXFileReference; lastKnownFileType = text.plist.xml; path = Info.plist; sourceTree = "<group>"; };
		48F5196D1BBA531A00DD8B3D /* HangDroidMobileUITests.xctest */ = {isa = PBXFileReference; explicitFileType = wrapper.cfbundle; includeInIndex = 0; path = HangDroidMobileUITests.xctest; sourceTree = BUILT_PRODUCTS_DIR; };
		48F519711BBA531A00DD8B3D /* HangDroidMobileUITests.swift */ = {isa = PBXFileReference; lastKnownFileType = sourcecode.swift; path = HangDroidMobileUITests.swift; sourceTree = "<group>"; };
		48F519731BBA531A00DD8B3D /* Info.plist */ = {isa = PBXFileReference; lastKnownFileType = text.plist.xml; path = Info.plist; sourceTree = "<group>"; };
/* End PBXFileReference section */

/* Begin PBXFrameworksBuildPhase section */
		48F5194B1BBA531A00DD8B3D /* Frameworks */ = {
			isa = PBXFrameworksBuildPhase;
			buildActionMask = 2147483647;
			files = (
			);
			runOnlyForDeploymentPostprocessing = 0;
		};
		48F5195F1BBA531A00DD8B3D /* Frameworks */ = {
			isa = PBXFrameworksBuildPhase;
			buildActionMask = 2147483647;
			files = (
			);
			runOnlyForDeploymentPostprocessing = 0;
		};
		48F5196A1BBA531A00DD8B3D /* Frameworks */ = {
			isa = PBXFrameworksBuildPhase;
			buildActionMask = 2147483647;
			files = (
			);
			runOnlyForDeploymentPostprocessing = 0;
		};
/* End PBXFrameworksBuildPhase section */

/* Begin PBXGroup section */
		48E86B851BCEC0E600CB3633 /* Images */ = {
			isa = PBXGroup;
			children = (
				48E86B9E1BCEC1DA00CB3633 /* Alphabet */,
				48E86B861BCEC1BB00CB3633 /* Alphabet.png */,
				48E86B871BCEC1BB00CB3633 /* droidL0.jpg */,
				48E86B881BCEC1BB00CB3633 /* droidL1.jpg */,
				48E86B891BCEC1BB00CB3633 /* droidL2.jpg */,
				48E86B8A1BCEC1BB00CB3633 /* droidL3.jpg */,
				48E86B8B1BCEC1BB00CB3633 /* droidL4.jpg */,
				48E86B8C1BCEC1BB00CB3633 /* droidL5.jpg */,
				48E86B8D1BCEC1BB00CB3633 /* droidL6.jpg */,
				48E86B8E1BCEC1BB00CB3633 /* droidL7.jpg */,
				48E86B8F1BCEC1BB00CB3633 /* droidL8.jpg */,
				48E86B901BCEC1BB00CB3633 /* droidLBlank.jpg */,
				48E86B911BCEC1BB00CB3633 /* wildwest.jpg */,
			);
			name = Images;
			sourceTree = "<group>";
		};
		48E86B9E1BCEC1DA00CB3633 /* Alphabet */ = {
			isa = PBXGroup;
			children = (
				48E86B9F1BCEC1DA00CB3633 /* a.png */,
				48E86BA01BCEC1DA00CB3633 /* b.png */,
				48E86BA11BCEC1DA00CB3633 /* blank.png */,
				48E86BA21BCEC1DA00CB3633 /* c.png */,
				48E86BA31BCEC1DA00CB3633 /* d.png */,
				48E86BA41BCEC1DA00CB3633 /* e.png */,
				48E86BA51BCEC1DA00CB3633 /* f.png */,
				48E86BA61BCEC1DA00CB3633 /* g.png */,
				48E86BA71BCEC1DA00CB3633 /* h.png */,
				48E86BA81BCEC1DA00CB3633 /* i.png */,
				48E86BA91BCEC1DA00CB3633 /* j.png */,
				48E86BAA1BCEC1DA00CB3633 /* k.png */,
				48E86BAB1BCEC1DA00CB3633 /* l.png */,
				48E86BAC1BCEC1DA00CB3633 /* m.png */,
				48E86BAD1BCEC1DA00CB3633 /* n.png */,
				48E86BAE1BCEC1DA00CB3633 /* o.png */,
				48E86BAF1BCEC1DA00CB3633 /* p.png */,
				48E86BB01BCEC1DA00CB3633 /* q.png */,
				48E86BB11BCEC1DA00CB3633 /* r.png */,
				48E86BB21BCEC1DA00CB3633 /* s.png */,
				48E86BB31BCEC1DA00CB3633 /* t.png */,
				48E86BB41BCEC1DA00CB3633 /* u.png */,
				48E86BB51BCEC1DA00CB3633 /* v.png */,
				48E86BB61BCEC1DA00CB3633 /* w.png */,
				48E86BB71BCEC1DA00CB3633 /* x.png */,
				48E86BB81BCEC1DA00CB3633 /* y.png */,
				48E86BB91BCEC1DA00CB3633 /* z.png */,
			);
			path = Alphabet;
			sourceTree = "<group>";
		};
		48F519451BBA531A00DD8B3D = {
			isa = PBXGroup;
			children = (
				48F519501BBA531A00DD8B3D /* HangDroidMobile */,
				48F519651BBA531A00DD8B3D /* HangDroidMobileTests */,
				48F519701BBA531A00DD8B3D /* HangDroidMobileUITests */,
				48F5194F1BBA531A00DD8B3D /* Products */,
			);
			sourceTree = "<group>";
		};
		48F5194F1BBA531A00DD8B3D /* Products */ = {
			isa = PBXGroup;
			children = (
				48F5194E1BBA531A00DD8B3D /* HangDroidMobile.app */,
				48F519621BBA531A00DD8B3D /* HangDroidMobileTests.xctest */,
				48F5196D1BBA531A00DD8B3D /* HangDroidMobileUITests.xctest */,
			);
			name = Products;
			sourceTree = "<group>";
		};
		48F519501BBA531A00DD8B3D /* HangDroidMobile */ = {
			isa = PBXGroup;
			children = (
				48E86B851BCEC0E600CB3633 /* Images */,
				48F519511BBA531A00DD8B3D /* AppDelegate.swift */,
				48E86BD51BCEC5CA00CB3633 /* DataManager.swift */,
				48E86BD71BCEC9B500CB3633 /* AppModel.swift */,
				48F519531BBA531A00DD8B3D /* ViewController.swift */,
				48F519551BBA531A00DD8B3D /* Main.storyboard */,
				48F519581BBA531A00DD8B3D /* Assets.xcassets */,
				48F5195A1BBA531A00DD8B3D /* LaunchScreen.storyboard */,
				48F5195D1BBA531A00DD8B3D /* Info.plist */,
				4865AB151BBF4B1F0058DC03 /* Word.swift */,
				4865AB171BBF4EA60058DC03 /* Result.swift */,
				4865AB191BBF4FE90058DC03 /* JSONHelper.swift */,
			);
			path = HangDroidMobile;
			sourceTree = "<group>";
		};
		48F519651BBA531A00DD8B3D /* HangDroidMobileTests */ = {
			isa = PBXGroup;
			children = (
				48F519661BBA531A00DD8B3D /* HangDroidMobileTests.swift */,
				48F519681BBA531A00DD8B3D /* Info.plist */,
			);
			path = HangDroidMobileTests;
			sourceTree = "<group>";
		};
		48F519701BBA531A00DD8B3D /* HangDroidMobileUITests */ = {
			isa = PBXGroup;
			children = (
				48F519711BBA531A00DD8B3D /* HangDroidMobileUITests.swift */,
				48F519731BBA531A00DD8B3D /* Info.plist */,
			);
			path = HangDroidMobileUITests;
			sourceTree = "<group>";
		};
/* End PBXGroup section */

/* Begin PBXNativeTarget section */
		48F5194D1BBA531A00DD8B3D /* HangDroidMobile */ = {
			isa = PBXNativeTarget;
			buildConfigurationList = 48F519761BBA531A00DD8B3D /* Build configuration list for PBXNativeTarget "HangDroidMobile" */;
			buildPhases = (
				48F5194A1BBA531A00DD8B3D /* Sources */,
				48F5194B1BBA531A00DD8B3D /* Frameworks */,
				48F5194C1BBA531A00DD8B3D /* Resources */,
			);
			buildRules = (
			);
			dependencies = (
			);
			name = HangDroidMobile;
			productName = HangDroidMobile;
			productReference = 48F5194E1BBA531A00DD8B3D /* HangDroidMobile.app */;
			productType = "com.apple.product-type.application";
		};
		48F519611BBA531A00DD8B3D /* HangDroidMobileTests */ = {
			isa = PBXNativeTarget;
			buildConfigurationList = 48F519791BBA531A00DD8B3D /* Build configuration list for PBXNativeTarget "HangDroidMobileTests" */;
			buildPhases = (
				48F5195E1BBA531A00DD8B3D /* Sources */,
				48F5195F1BBA531A00DD8B3D /* Frameworks */,
				48F519601BBA531A00DD8B3D /* Resources */,
			);
			buildRules = (
			);
			dependencies = (
				48F519641BBA531A00DD8B3D /* PBXTargetDependency */,
			);
			name = HangDroidMobileTests;
			productName = HangDroidMobileTests;
			productReference = 48F519621BBA531A00DD8B3D /* HangDroidMobileTests.xctest */;
			productType = "com.apple.product-type.bundle.unit-test";
		};
		48F5196C1BBA531A00DD8B3D /* HangDroidMobileUITests */ = {
			isa = PBXNativeTarget;
			buildConfigurationList = 48F5197C1BBA531A00DD8B3D /* Build configuration list for PBXNativeTarget "HangDroidMobileUITests" */;
			buildPhases = (
				48F519691BBA531A00DD8B3D /* Sources */,
				48F5196A1BBA531A00DD8B3D /* Frameworks */,
				48F5196B1BBA531A00DD8B3D /* Resources */,
			);
			buildRules = (
			);
			dependencies = (
				48F5196F1BBA531A00DD8B3D /* PBXTargetDependency */,
			);
			name = HangDroidMobileUITests;
			productName = HangDroidMobileUITests;
			productReference = 48F5196D1BBA531A00DD8B3D /* HangDroidMobileUITests.xctest */;
			productType = "com.apple.product-type.bundle.ui-testing";
		};
/* End PBXNativeTarget section */

/* Begin PBXProject section */
		48F519461BBA531A00DD8B3D /* Project object */ = {
			isa = PBXProject;
			attributes = {
				LastUpgradeCheck = 0700;
				ORGANIZATIONNAME = "Rodrigo Carballo";
				TargetAttributes = {
					48F5194D1BBA531A00DD8B3D = {
						CreatedOnToolsVersion = 7.0;
					};
					48F519611BBA531A00DD8B3D = {
						CreatedOnToolsVersion = 7.0;
						TestTargetID = 48F5194D1BBA531A00DD8B3D;
					};
					48F5196C1BBA531A00DD8B3D = {
						CreatedOnToolsVersion = 7.0;
						TestTargetID = 48F5194D1BBA531A00DD8B3D;
					};
				};
			};
			buildConfigurationList = 48F519491BBA531A00DD8B3D /* Build configuration list for PBXProject "HangDroidMobile" */;
			compatibilityVersion = "Xcode 3.2";
			developmentRegion = English;
			hasScannedForEncodings = 0;
			knownRegions = (
				en,
				Base,
			);
			mainGroup = 48F519451BBA531A00DD8B3D;
			productRefGroup = 48F5194F1BBA531A00DD8B3D /* Products */;
			projectDirPath = "";
			projectRoot = "";
			targets = (
				48F5194D1BBA531A00DD8B3D /* HangDroidMobile */,
				48F519611BBA531A00DD8B3D /* HangDroidMobileTests */,
				48F5196C1BBA531A00DD8B3D /* HangDroidMobileUITests */,
			);
		};
/* End PBXProject section */

/* Begin PBXResourcesBuildPhase section */
		48F5194C1BBA531A00DD8B3D /* Resources */ = {
			isa = PBXResourcesBuildPhase;
			buildActionMask = 2147483647;
			files = (
				48E86BCB1BCEC1DA00CB3633 /* q.png in Resources */,
				48E86BC21BCEC1DA00CB3633 /* h.png in Resources */,
				48E86BC01BCEC1DA00CB3633 /* f.png in Resources */,
				48E86BC31BCEC1DA00CB3633 /* i.png in Resources */,
				48E86B951BCEC1BB00CB3633 /* droidL2.jpg in Resources */,
				48E86B9B1BCEC1BB00CB3633 /* droidL8.jpg in Resources */,
				48E86BD11BCEC1DA00CB3633 /* w.png in Resources */,
				48E86BBC1BCEC1DA00CB3633 /* blank.png in Resources */,
				48E86BC51BCEC1DA00CB3633 /* k.png in Resources */,
				48E86BC41BCEC1DA00CB3633 /* j.png in Resources */,
				48E86BCA1BCEC1DA00CB3633 /* p.png in Resources */,
				48E86BC61BCEC1DA00CB3633 /* l.png in Resources */,
				48E86B931BCEC1BB00CB3633 /* droidL0.jpg in Resources */,
				48E86B991BCEC1BB00CB3633 /* droidL6.jpg in Resources */,
				48E86BCF1BCEC1DA00CB3633 /* u.png in Resources */,
				48E86BC71BCEC1DA00CB3633 /* m.png in Resources */,
				48E86BC81BCEC1DA00CB3633 /* n.png in Resources */,
				48E86B941BCEC1BB00CB3633 /* droidL1.jpg in Resources */,
				48E86BC11BCEC1DA00CB3633 /* g.png in Resources */,
				48E86B961BCEC1BB00CB3633 /* droidL3.jpg in Resources */,
				48E86B921BCEC1BB00CB3633 /* Alphabet.png in Resources */,
				48E86B981BCEC1BB00CB3633 /* droidL5.jpg in Resources */,
				48E86BBD1BCEC1DA00CB3633 /* c.png in Resources */,
				48E86B9C1BCEC1BB00CB3633 /* droidLBlank.jpg in Resources */,
				48E86BCD1BCEC1DA00CB3633 /* s.png in Resources */,
				48E86BBA1BCEC1DA00CB3633 /* a.png in Resources */,
				48E86BCE1BCEC1DA00CB3633 /* t.png in Resources */,
				48E86BBE1BCEC1DA00CB3633 /* d.png in Resources */,
				48E86BD31BCEC1DA00CB3633 /* y.png in Resources */,
				48E86B9A1BCEC1BB00CB3633 /* droidL7.jpg in Resources */,
				48E86BD01BCEC1DA00CB3633 /* v.png in Resources */,
				48F5195C1BBA531A00DD8B3D /* LaunchScreen.storyboard in Resources */,
				48E86BBF1BCEC1DA00CB3633 /* e.png in Resources */,
				48E86BD21BCEC1DA00CB3633 /* x.png in Resources */,
				48F519591BBA531A00DD8B3D /* Assets.xcassets in Resources */,
				48E86B971BCEC1BB00CB3633 /* droidL4.jpg in Resources */,
				48E86BD41BCEC1DA00CB3633 /* z.png in Resources */,
				48F519571BBA531A00DD8B3D /* Main.storyboard in Resources */,
				48E86B9D1BCEC1BB00CB3633 /* wildwest.jpg in Resources */,
				48E86BBB1BCEC1DA00CB3633 /* b.png in Resources */,
				48E86BCC1BCEC1DA00CB3633 /* r.png in Resources */,
				48E86BC91BCEC1DA00CB3633 /* o.png in Resources */,
			);
			runOnlyForDeploymentPostprocessing = 0;
		};
		48F519601BBA531A00DD8B3D /* Resources */ = {
			isa = PBXResourcesBuildPhase;
			buildActionMask = 2147483647;
			files = (
			);
			runOnlyForDeploymentPostprocessing = 0;
		};
		48F5196B1BBA531A00DD8B3D /* Resources */ = {
			isa = PBXResourcesBuildPhase;
			buildActionMask = 2147483647;
			files = (
			);
			runOnlyForDeploymentPostprocessing = 0;
		};
/* End PBXResourcesBuildPhase section */

/* Begin PBXSourcesBuildPhase section */
		48F5194A1BBA531A00DD8B3D /* Sources */ = {
			isa = PBXSourcesBuildPhase;
			buildActionMask = 2147483647;
			files = (
				48E86BD81BCEC9B500CB3633 /* AppModel.swift in Sources */,
				48F519541BBA531A00DD8B3D /* ViewController.swift in Sources */,
				48E86BD61BCEC5CA00CB3633 /* DataManager.swift in Sources */,
				48F519521BBA531A00DD8B3D /* AppDelegate.swift in Sources */,
				4865AB181BBF4EA60058DC03 /* Result.swift in Sources */,
				4865AB161BBF4B1F0058DC03 /* Word.swift in Sources */,
				4865AB1A1BBF4FE90058DC03 /* JSONHelper.swift in Sources */,
			);
			runOnlyForDeploymentPostprocessing = 0;
		};
		48F5195E1BBA531A00DD8B3D /* Sources */ = {
			isa = PBXSourcesBuildPhase;
			buildActionMask = 2147483647;
			files = (
				48F519671BBA531A00DD8B3D /* HangDroidMobileTests.swift in Sources */,
			);
			runOnlyForDeploymentPostprocessing = 0;
		};
		48F519691BBA531A00DD8B3D /* Sources */ = {
			isa = PBXSourcesBuildPhase;
			buildActionMask = 2147483647;
			files = (
				48F519721BBA531A00DD8B3D /* HangDroidMobileUITests.swift in Sources */,
			);
			runOnlyForDeploymentPostprocessing = 0;
		};
/* End PBXSourcesBuildPhase section */

/* Begin PBXTargetDependency section */
		48F519641BBA531A00DD8B3D /* PBXTargetDependency */ = {
			isa = PBXTargetDependency;
			target = 48F5194D1BBA531A00DD8B3D /* HangDroidMobile */;
			targetProxy = 48F519631BBA531A00DD8B3D /* PBXContainerItemProxy */;
		};
		48F5196F1BBA531A00DD8B3D /* PBXTargetDependency */ = {
			isa = PBXTargetDependency;
			target = 48F5194D1BBA531A00DD8B3D /* HangDroidMobile */;
			targetProxy = 48F5196E1BBA531A00DD8B3D /* PBXContainerItemProxy */;
		};
/* End PBXTargetDependency section */

/* Begin PBXVariantGroup section */
		48F519551BBA531A00DD8B3D /* Main.storyboard */ = {
			isa = PBXVariantGroup;
			children = (
				48F519561BBA531A00DD8B3D /* Base */,
			);
			name = Main.storyboard;
			sourceTree = "<group>";
		};
		48F5195A1BBA531A00DD8B3D /* LaunchScreen.storyboard */ = {
			isa = PBXVariantGroup;
			children = (
				48F5195B1BBA531A00DD8B3D /* Base */,
			);
			name = LaunchScreen.storyboard;
			sourceTree = "<group>";
		};
/* End PBXVariantGroup section */

/* Begin XCBuildConfiguration section */
		48F519741BBA531A00DD8B3D /* Debug */ = {
			isa = XCBuildConfiguration;
			buildSettings = {
				ALWAYS_SEARCH_USER_PATHS = NO;
				CLANG_CXX_LANGUAGE_STANDARD = "gnu++0x";
				CLANG_CXX_LIBRARY = "libc++";
				CLANG_ENABLE_MODULES = YES;
				CLANG_ENABLE_OBJC_ARC = YES;
				CLANG_WARN_BOOL_CONVERSION = YES;
				CLANG_WARN_CONSTANT_CONVERSION = YES;
				CLANG_WARN_DIRECT_OBJC_ISA_USAGE = YES_ERROR;
				CLANG_WARN_EMPTY_BODY = YES;
				CLANG_WARN_ENUM_CONVERSION = YES;
				CLANG_WARN_INT_CONVERSION = YES;
				CLANG_WARN_OBJC_ROOT_CLASS = YES_ERROR;
				CLANG_WARN_UNREACHABLE_CODE = YES;
				CLANG_WARN__DUPLICATE_METHOD_MATCH = YES;
				"CODE_SIGN_IDENTITY[sdk=iphoneos*]" = "iPhone Developer";
				COPY_PHASE_STRIP = NO;
				DEBUG_INFORMATION_FORMAT = dwarf;
				ENABLE_STRICT_OBJC_MSGSEND = YES;
				ENABLE_TESTABILITY = YES;
				GCC_C_LANGUAGE_STANDARD = gnu99;
				GCC_DYNAMIC_NO_PIC = NO;
				GCC_NO_COMMON_BLOCKS = YES;
				GCC_OPTIMIZATION_LEVEL = 0;
				GCC_PREPROCESSOR_DEFINITIONS = (
					"DEBUG=1",
					"$(inherited)",
				);
				GCC_WARN_64_TO_32_BIT_CONVERSION = YES;
				GCC_WARN_ABOUT_RETURN_TYPE = YES_ERROR;
				GCC_WARN_UNDECLARED_SELECTOR = YES;
				GCC_WARN_UNINITIALIZED_AUTOS = YES_AGGRESSIVE;
				GCC_WARN_UNUSED_FUNCTION = YES;
				GCC_WARN_UNUSED_VARIABLE = YES;
				IPHONEOS_DEPLOYMENT_TARGET = 9.0;
				MTL_ENABLE_DEBUG_INFO = YES;
				ONLY_ACTIVE_ARCH = YES;
				SDKROOT = iphoneos;
				SWIFT_OPTIMIZATION_LEVEL = "-Onone";
				TARGETED_DEVICE_FAMILY = "1,2";
			};
			name = Debug;
		};
		48F519751BBA531A00DD8B3D /* Release */ = {
			isa = XCBuildConfiguration;
			buildSettings = {
				ALWAYS_SEARCH_USER_PATHS = NO;
				CLANG_CXX_LANGUAGE_STANDARD = "gnu++0x";
				CLANG_CXX_LIBRARY = "libc++";
				CLANG_ENABLE_MODULES = YES;
				CLANG_ENABLE_OBJC_ARC = YES;
				CLANG_WARN_BOOL_CONVERSION = YES;
				CLANG_WARN_CONSTANT_CONVERSION = YES;
				CLANG_WARN_DIRECT_OBJC_ISA_USAGE = YES_ERROR;
				CLANG_WARN_EMPTY_BODY = YES;
				CLANG_WARN_ENUM_CONVERSION = YES;
				CLANG_WARN_INT_CONVERSION = YES;
				CLANG_WARN_OBJC_ROOT_CLASS = YES_ERROR;
				CLANG_WARN_UNREACHABLE_CODE = YES;
				CLANG_WARN__DUPLICATE_METHOD_MATCH = YES;
				"CODE_SIGN_IDENTITY[sdk=iphoneos*]" = "iPhone Developer";
				COPY_PHASE_STRIP = NO;
				DEBUG_INFORMATION_FORMAT = "dwarf-with-dsym";
				ENABLE_NS_ASSERTIONS = NO;
				ENABLE_STRICT_OBJC_MSGSEND = YES;
				GCC_C_LANGUAGE_STANDARD = gnu99;
				GCC_NO_COMMON_BLOCKS = YES;
				GCC_WARN_64_TO_32_BIT_CONVERSION = YES;
				GCC_WARN_ABOUT_RETURN_TYPE = YES_ERROR;
				GCC_WARN_UNDECLARED_SELECTOR = YES;
				GCC_WARN_UNINITIALIZED_AUTOS = YES_AGGRESSIVE;
				GCC_WARN_UNUSED_FUNCTION = YES;
				GCC_WARN_UNUSED_VARIABLE = YES;
				IPHONEOS_DEPLOYMENT_TARGET = 9.0;
				MTL_ENABLE_DEBUG_INFO = NO;
				SDKROOT = iphoneos;
				TARGETED_DEVICE_FAMILY = "1,2";
				VALIDATE_PRODUCT = YES;
			};
			name = Release;
		};
		48F519771BBA531A00DD8B3D /* Debug */ = {
			isa = XCBuildConfiguration;
			buildSettings = {
				ASSETCATALOG_COMPILER_APPICON_NAME = AppIcon;
				INFOPLIST_FILE = HangDroidMobile/Info.plist;
				LD_RUNPATH_SEARCH_PATHS = "$(inherited) @executable_path/Frameworks";
				PRODUCT_BUNDLE_IDENTIFIER = com.rodrigocarballo.HangDroidMobile;
				PRODUCT_NAME = "$(TARGET_NAME)";
			};
			name = Debug;
		};
		48F519781BBA531A00DD8B3D /* Release */ = {
			isa = XCBuildConfiguration;
			buildSettings = {
				ASSETCATALOG_COMPILER_APPICON_NAME = AppIcon;
				INFOPLIST_FILE = HangDroidMobile/Info.plist;
				LD_RUNPATH_SEARCH_PATHS = "$(inherited) @executable_path/Frameworks";
				PRODUCT_BUNDLE_IDENTIFIER = com.rodrigocarballo.HangDroidMobile;
				PRODUCT_NAME = "$(TARGET_NAME)";
			};
			name = Release;
		};
		48F5197A1BBA531A00DD8B3D /* Debug */ = {
			isa = XCBuildConfiguration;
			buildSettings = {
				BUNDLE_LOADER = "$(TEST_HOST)";
				INFOPLIST_FILE = HangDroidMobileTests/Info.plist;
				LD_RUNPATH_SEARCH_PATHS = "$(inherited) @executable_path/Frameworks @loader_path/Frameworks";
				PRODUCT_BUNDLE_IDENTIFIER = com.rodrigocarballo.HangDroidMobileTests;
				PRODUCT_NAME = "$(TARGET_NAME)";
				TEST_HOST = "$(BUILT_PRODUCTS_DIR)/HangDroidMobile.app/HangDroidMobile";
			};
			name = Debug;
		};
		48F5197B1BBA531A00DD8B3D /* Release */ = {
			isa = XCBuildConfiguration;
			buildSettings = {
				BUNDLE_LOADER = "$(TEST_HOST)";
				INFOPLIST_FILE = HangDroidMobileTests/Info.plist;
				LD_RUNPATH_SEARCH_PATHS = "$(inherited) @executable_path/Frameworks @loader_path/Frameworks";
				PRODUCT_BUNDLE_IDENTIFIER = com.rodrigocarballo.HangDroidMobileTests;
				PRODUCT_NAME = "$(TARGET_NAME)";
				TEST_HOST = "$(BUILT_PRODUCTS_DIR)/HangDroidMobile.app/HangDroidMobile";
			};
			name = Release;
		};
		48F5197D1BBA531A00DD8B3D /* Debug */ = {
			isa = XCBuildConfiguration;
			buildSettings = {
				INFOPLIST_FILE = HangDroidMobileUITests/Info.plist;
				LD_RUNPATH_SEARCH_PATHS = "$(inherited) @executable_path/Frameworks @loader_path/Frameworks";
				PRODUCT_BUNDLE_IDENTIFIER = com.rodrigocarballo.HangDroidMobileUITests;
				PRODUCT_NAME = "$(TARGET_NAME)";
				TEST_TARGET_NAME = HangDroidMobile;
				USES_XCTRUNNER = YES;
			};
			name = Debug;
		};
		48F5197E1BBA531A00DD8B3D /* Release */ = {
			isa = XCBuildConfiguration;
			buildSettings = {
				INFOPLIST_FILE = HangDroidMobileUITests/Info.plist;
				LD_RUNPATH_SEARCH_PATHS = "$(inherited) @executable_path/Frameworks @loader_path/Frameworks";
				PRODUCT_BUNDLE_IDENTIFIER = com.rodrigocarballo.HangDroidMobileUITests;
				PRODUCT_NAME = "$(TARGET_NAME)";
				TEST_TARGET_NAME = HangDroidMobile;
				USES_XCTRUNNER = YES;
			};
			name = Release;
		};
/* End XCBuildConfiguration section */

/* Begin XCConfigurationList section */
		48F519491BBA531A00DD8B3D /* Build configuration list for PBXProject "HangDroidMobile" */ = {
			isa = XCConfigurationList;
			buildConfigurations = (
				48F519741BBA531A00DD8B3D /* Debug */,
				48F519751BBA531A00DD8B3D /* Release */,
			);
			defaultConfigurationIsVisible = 0;
			defaultConfigurationName = Release;
		};
		48F519761BBA531A00DD8B3D /* Build configuration list for PBXNativeTarget "HangDroidMobile" */ = {
			isa = XCConfigurationList;
			buildConfigurations = (
				48F519771BBA531A00DD8B3D /* Debug */,
				48F519781BBA531A00DD8B3D /* Release */,
			);
			defaultConfigurationIsVisible = 0;
			defaultConfigurationName = Release;
		};
		48F519791BBA531A00DD8B3D /* Build configuration list for PBXNativeTarget "HangDroidMobileTests" */ = {
			isa = XCConfigurationList;
			buildConfigurations = (
				48F5197A1BBA531A00DD8B3D /* Debug */,
				48F5197B1BBA531A00DD8B3D /* Release */,
			);
			defaultConfigurationIsVisible = 0;
			defaultConfigurationName = Release;
		};
		48F5197C1BBA531A00DD8B3D /* Build configuration list for PBXNativeTarget "HangDroidMobileUITests" */ = {
			isa = XCConfigurationList;
			buildConfigurations = (
				48F5197D1BBA531A00DD8B3D /* Debug */,
				48F5197E1BBA531A00DD8B3D /* Release */,
			);
			defaultConfigurationIsVisible = 0;
			defaultConfigurationName = Release;
		};
/* End XCConfigurationList section */
	};
	rootObject = 48F519461BBA531A00DD8B3D /* Project object */;
}
